<?xml version="1.0" encoding="utf-8"?>
<Project ToolsVersion="4.0" xmlns="http://schemas.microsoft.com/developer/msbuild/2003">
  <ItemGroup>
    <Filter Include="Source Files">
      <UniqueIdentifier>{4FC737F1-C7A5-4376-A066-2A32D752A2FF}</UniqueIdentifier>
      <Extensions>cpp;c;cc;cxx;def;odl;idl;hpj;bat;asm;asmx</Extensions>
    </Filter>
    <Filter Include="Header Files">
      <UniqueIdentifier>{93995380-89BD-4b04-88EB-625FBE52EBFB}</UniqueIdentifier>
      <Extensions>h;hpp;hxx;hm;inl;inc;xsd</Extensions>
    </Filter>
    <Filter Include="Resource Files">
      <UniqueIdentifier>{67DA6AB6-F800-4c08-8B7A-83BB121AAD01}</UniqueIdentifier>
      <Extensions>rc;ico;cur;bmp;dlg;rc2;rct;bin;rgs;gif;jpg;jpeg;jpe;resx;tiff;tif;png;wav</Extensions>
    </Filter>
    <Filter Include="Managed Code">
      <UniqueIdentifier>{2012d06f-18f4-4104-8a87-5767407f97c5}</UniqueIdentifier>
    </Filter>
    <Filter Include="Managed Code\Header Files">
      <UniqueIdentifier>{fca1d3e3-e768-40cd-9d58-6757538ba6b1}</UniqueIdentifier>
      <Extensions>h;hpp;hxx;hm;inl;inc;xsd</Extensions>
    </Filter>
    <Filter Include="Managed Code\Source Files">
      <UniqueIdentifier>{fed79067-0a58-4287-8623-aed1b9b7b7c3}</UniqueIdentifier>
      <Extensions>cpp;c;cc;cxx;def;odl;idl;hpj;bat;asm;asmx</Extensions>
    </Filter>
  </ItemGroup>
  <ItemGroup>
    <ClCompile Include="src\Constant.cpp">
      <Filter>Source Files</Filter>
    </ClCompile>
    <ClCompile Include="src\Constants.cpp">
      <Filter>Source Files</Filter>
    </ClCompile>
    <ClCompile Include="src\DimensionInfo.cpp">
      <Filter>Source Files</Filter>
    </ClCompile>
    <ClCompile Include="src\DimensionParser.cpp">
      <Filter>Source Files</Filter>
    </ClCompile>
    <ClCompile Include="src\ElemFunction.cpp">
      <Filter>Source Files</Filter>
    </ClCompile>
    <ClCompile Include="src\ElemFunctions.cpp">
      <Filter>Source Files</Filter>
    </ClCompile>
    <ClCompile Include="src\FuncNode.cpp">
      <Filter>Source Files</Filter>
    </ClCompile>
    <ClCompile Include="src\FuncParser.cpp">
      <Filter>Source Files</Filter>
    </ClCompile>
    <ClCompile Include="src\FuncParserErrorData.cpp">
      <Filter>Source Files</Filter>
    </ClCompile>
    <ClCompile Include="src\Math.cpp">
      <Filter>Source Files</Filter>
    </ClCompile>
    <ClCompile Include="src\ParsedFunction.cpp">
      <Filter>Source Files</Filter>
    </ClCompile>
    <ClCompile Include="src\QuantityDimensionInfo.cpp">
      <Filter>Source Files</Filter>
    </ClCompile>
    <ClCompile Include="src\StringHelper.cpp">
      <Filter>Source Files</Filter>
    </ClCompile>
    <ClCompile Include="Managed\Src\Conversions.cpp">
      <Filter>Managed Code\Source Files</Filter>
    </ClCompile>
    <ClCompile Include="Managed\Src\ExceptionHelper.cpp">
      <Filter>Managed Code\Source Files</Filter>
    </ClCompile>
    <ClCompile Include="Managed\Src\ManagedDimensionParser.cpp">
      <Filter>Managed Code\Source Files</Filter>
    </ClCompile>
    <ClCompile Include="Managed\Src\ManagedFuncParser.cpp">
      <Filter>Managed Code\Source Files</Filter>
    </ClCompile>
    <ClCompile Include="Managed\Src\ManagedFuncParserErrorData.cpp">
      <Filter>Managed Code\Source Files</Filter>
    </ClCompile>
    <ClCompile Include="Managed\Src\ManagedParsedFunction.cpp">
      <Filter>Managed Code\Source Files</Filter>
    </ClCompile>
  </ItemGroup>
  <ItemGroup>
    <ClInclude Include="Include\FuncParser\Constant.h">
      <Filter>Header Files</Filter>
    </ClInclude>
    <ClInclude Include="Include\FuncParser\Constants.h">
      <Filter>Header Files</Filter>
    </ClInclude>
    <ClInclude Include="Include\FuncParser\DimensionInfo.h">
      <Filter>Header Files</Filter>
    </ClInclude>
    <ClInclude Include="Include\FuncParser\DimensionParser.h">
      <Filter>Header Files</Filter>
    </ClInclude>
    <ClInclude Include="Include\FuncParser\ElemFunction.h">
      <Filter>Header Files</Filter>
    </ClInclude>
    <ClInclude Include="Include\FuncParser\ElemFunctions.h">
      <Filter>Header Files</Filter>
    </ClInclude>
    <ClInclude Include="Include\FuncParser\FuncNode.h">
      <Filter>Header Files</Filter>
    </ClInclude>
    <ClInclude Include="Include\FuncParser\FuncParser.h">
      <Filter>Header Files</Filter>
    </ClInclude>
    <ClInclude Include="Include\FuncParser\FuncParserErrorData.h">
      <Filter>Header Files</Filter>
    </ClInclude>
    <ClInclude Include="Include\FuncParser\FuncParserTypeDefs.h">
      <Filter>Header Files</Filter>
    </ClInclude>
    <ClInclude Include="Include\FuncParser\Math.h">
      <Filter>Header Files</Filter>
    </ClInclude>
    <ClInclude Include="Include\FuncParser\ParsedFunction.h">
      <Filter>Header Files</Filter>
    </ClInclude>
    <ClInclude Include="Include\FuncParser\QuantityDimensionInfo.h">
      <Filter>Header Files</Filter>
    </ClInclude>
    <ClInclude Include="Include\FuncParser\StringHelper.h">
      <Filter>Header Files</Filter>
    </ClInclude>
    <ClInclude Include="Managed\Include\FuncParserManaged\Conversions.h">
      <Filter>Managed Code\Header Files</Filter>
    </ClInclude>
    <ClInclude Include="Managed\Include\FuncParserManaged\ExceptionHelper.h">
      <Filter>Managed Code\Header Files</Filter>
    </ClInclude>
    <ClInclude Include="Managed\Include\FuncParserManaged\ManagedDimensionParser.h">
      <Filter>Managed Code\Header Files</Filter>
    </ClInclude>
    <ClInclude Include="Managed\Include\FuncParserManaged\ManagedFuncParser.h">
      <Filter>Managed Code\Header Files</Filter>
    </ClInclude>
    <ClInclude Include="Managed\Include\FuncParserManaged\ManagedFuncParserErrorData.h">
      <Filter>Managed Code\Header Files</Filter>
    </ClInclude>
    <ClInclude Include="Managed\Include\FuncParserManaged\ManagedParsedFunction.h">
      <Filter>Managed Code\Header Files</Filter>
    </ClInclude>
    <ClInclude Include="version.h">
      <Filter>Resource Files</Filter>
    </ClInclude>
  </ItemGroup>
  <ItemGroup>
    <ResourceCompile Include="FuncParser.rc">
      <Filter>Resource Files</Filter>
    </ResourceCompile>
  </ItemGroup>
  <ItemGroup>
    <None Include="SPSuite.FuncParser.nuspec" />
  </ItemGroup>
</Project>