
Microsoft Visual Studio Solution File, Format Version 12.00
# Visual Studio Version 16
VisualStudioVersion = 16.0.29020.237
MinimumVisualStudioVersion = 10.0.40219.1
Project("{2150E333-8FDC-42A3-9474-1A3956D46DE8}") = "Solution Items", "Solution Items", "{0ADFF0D4-C39C-4708-9E3D-B1AC75731689}"
	ProjectSection(SolutionItems) = preProject
		.gitignore = .gitignore
		appveyor.yml = appveyor.yml
	EndProjectSection
EndProject
Project("{8BC9CEB8-8B4A-11D0-8D11-00A0C91BC942}") = "OSPSuite.FuncParserNative", "src\OSPSuite.FuncParserNative\OSPSuite.FuncParserNative.vcxproj", "{2661A715-1870-403C-9563-5C3CDC31974A}"
EndProject
Project("{9A19103F-16F7-4668-BE54-9A1E7A4F7556}") = "OSPSuite.FuncParser", "src\OSPSuite.FuncParser\OSPSuite.FuncParser.csproj", "{405249DA-7835-474A-B627-C2DBBC6D580B}"
	ProjectSection(ProjectDependencies) = postProject
		{2661A715-1870-403C-9563-5C3CDC31974A} = {2661A715-1870-403C-9563-5C3CDC31974A}
	EndProjectSection
EndProject
Project("{9A19103F-16F7-4668-BE54-9A1E7A4F7556}") = "OSPSuite.FuncParser.Tests", "tests\OSPSuite.FuncParser.Tests\OSPSuite.FuncParser.Tests.csproj", "{4EBB0F97-6C6B-4A42-80B7-EC7BDD5610B1}"
	ProjectSection(ProjectDependencies) = postProject
		{2661A715-1870-403C-9563-5C3CDC31974A} = {2661A715-1870-403C-9563-5C3CDC31974A}
	EndProjectSection
EndProject
Project("{9A19103F-16F7-4668-BE54-9A1E7A4F7556}") = "TestAppNetCore", "tests\TestAppNetCore\TestAppNetCore.csproj", "{E5F8B8E5-D8A1-48C9-AB71-FC28340725E8}"
EndProject
Project("{2150E333-8FDC-42A3-9474-1A3956D46DE8}") = "Tests", "Tests", "{393E925C-E2F6-42FA-BE44-E807946414C0}"
EndProject
Global
	GlobalSection(SolutionConfigurationPlatforms) = preSolution
		Debug|Any CPU = Debug|Any CPU
		Debug|x64 = Debug|x64
		Release|Any CPU = Release|Any CPU
		Release|x64 = Release|x64
	EndGlobalSection
	GlobalSection(ProjectConfigurationPlatforms) = postSolution
		{2661A715-1870-403C-9563-5C3CDC31974A}.Debug|Any CPU.ActiveCfg = Debug|Win32
		{2661A715-1870-403C-9563-5C3CDC31974A}.Debug|x64.ActiveCfg = Debug|x64
		{2661A715-1870-403C-9563-5C3CDC31974A}.Debug|x64.Build.0 = Debug|x64
		{2661A715-1870-403C-9563-5C3CDC31974A}.Release|Any CPU.ActiveCfg = Release|Win32
		{2661A715-1870-403C-9563-5C3CDC31974A}.Release|x64.ActiveCfg = Release|x64
		{2661A715-1870-403C-9563-5C3CDC31974A}.Release|x64.Build.0 = Release|x64
		{405249DA-7835-474A-B627-C2DBBC6D580B}.Debug|Any CPU.ActiveCfg = Debug|Any CPU
		{405249DA-7835-474A-B627-C2DBBC6D580B}.Debug|Any CPU.Build.0 = Debug|Any CPU
		{405249DA-7835-474A-B627-C2DBBC6D580B}.Debug|x64.ActiveCfg = Debug|Any CPU
		{405249DA-7835-474A-B627-C2DBBC6D580B}.Debug|x64.Build.0 = Debug|Any CPU
		{405249DA-7835-474A-B627-C2DBBC6D580B}.Release|Any CPU.ActiveCfg = Release|Any CPU
		{405249DA-7835-474A-B627-C2DBBC6D580B}.Release|Any CPU.Build.0 = Release|Any CPU
		{405249DA-7835-474A-B627-C2DBBC6D580B}.Release|x64.ActiveCfg = Release|Any CPU
		{405249DA-7835-474A-B627-C2DBBC6D580B}.Release|x64.Build.0 = Release|Any CPU
		{4EBB0F97-6C6B-4A42-80B7-EC7BDD5610B1}.Debug|Any CPU.ActiveCfg = Debug|Any CPU
		{4EBB0F97-6C6B-4A42-80B7-EC7BDD5610B1}.Debug|Any CPU.Build.0 = Debug|Any CPU
		{4EBB0F97-6C6B-4A42-80B7-EC7BDD5610B1}.Debug|x64.ActiveCfg = Debug|Any CPU
		{4EBB0F97-6C6B-4A42-80B7-EC7BDD5610B1}.Debug|x64.Build.0 = Debug|Any CPU
		{4EBB0F97-6C6B-4A42-80B7-EC7BDD5610B1}.Release|Any CPU.ActiveCfg = Release|Any CPU
		{4EBB0F97-6C6B-4A42-80B7-EC7BDD5610B1}.Release|Any CPU.Build.0 = Release|Any CPU
		{4EBB0F97-6C6B-4A42-80B7-EC7BDD5610B1}.Release|x64.ActiveCfg = Release|Any CPU
		{4EBB0F97-6C6B-4A42-80B7-EC7BDD5610B1}.Release|x64.Build.0 = Release|Any CPU
		{E5F8B8E5-D8A1-48C9-AB71-FC28340725E8}.Debug|Any CPU.ActiveCfg = Debug|Any CPU
		{E5F8B8E5-D8A1-48C9-AB71-FC28340725E8}.Debug|Any CPU.Build.0 = Debug|Any CPU
		{E5F8B8E5-D8A1-48C9-AB71-FC28340725E8}.Debug|x64.ActiveCfg = Debug|Any CPU
		{E5F8B8E5-D8A1-48C9-AB71-FC28340725E8}.Debug|x64.Build.0 = Debug|Any CPU
		{E5F8B8E5-D8A1-48C9-AB71-FC28340725E8}.Release|Any CPU.ActiveCfg = Release|Any CPU
		{E5F8B8E5-D8A1-48C9-AB71-FC28340725E8}.Release|Any CPU.Build.0 = Release|Any CPU
		{E5F8B8E5-D8A1-48C9-AB71-FC28340725E8}.Release|x64.ActiveCfg = Release|Any CPU
		{E5F8B8E5-D8A1-48C9-AB71-FC28340725E8}.Release|x64.Build.0 = Release|Any CPU
	EndGlobalSection
	GlobalSection(SolutionProperties) = preSolution
		HideSolutionNode = FALSE
	EndGlobalSection
	GlobalSection(NestedProjects) = preSolution
		{4EBB0F97-6C6B-4A42-80B7-EC7BDD5610B1} = {393E925C-E2F6-42FA-BE44-E807946414C0}
		{E5F8B8E5-D8A1-48C9-AB71-FC28340725E8} = {393E925C-E2F6-42FA-BE44-E807946414C0}
	EndGlobalSection
	GlobalSection(ExtensibilityGlobals) = postSolution
		VisualSVNWorkingCopyRoot = .
		SolutionGuid = {CDF5644F-00DC-44EF-93DD-65E63726C186}
	EndGlobalSection
EndGlobal
